
Microsoft Visual Studio Solution File, Format Version 12.00
# Visual Studio 15
VisualStudioVersion = 15.0.28307.960
MinimumVisualStudioVersion = 10.0.40219.1
Project("{FAE04EC0-301F-11D3-BF4B-00C04F79EFBC}") = "Lab1Momot", "Lab1Momot\Lab1Momot.csproj", "{DB128761-D0C8-417C-9573-10DC19FE5DE0}"
EndProject
Global
	GlobalSection(SolutionConfigurationPlatforms) = preSolution
		Debug|Any CPU = Debug|Any CPU
		Release|Any CPU = Release|Any CPU
	EndGlobalSection
	GlobalSection(ProjectConfigurationPlatforms) = postSolution
		{DB128761-D0C8-417C-9573-10DC19FE5DE0}.Debug|Any CPU.ActiveCfg = Debug|Any CPU
		{DB128761-D0C8-417C-9573-10DC19FE5DE0}.Debug|Any CPU.Build.0 = Debug|Any CPU
		{DB128761-D0C8-417C-9573-10DC19FE5DE0}.Release|Any CPU.ActiveCfg = Release|Any CPU
		{DB128761-D0C8-417C-9573-10DC19FE5DE0}.Release|Any CPU.Build.0 = Release|Any CPU
	EndGlobalSection
	GlobalSection(SolutionProperties) = preSolution
		HideSolutionNode = FALSE
	EndGlobalSection
	GlobalSection(ExtensibilityGlobals) = postSolution
		SolutionGuid = {8520B9ED-1F5D-4925-AA48-82D02814D125}
	EndGlobalSection
EndGlobal
